
Microsoft Visual Studio Solution File, Format Version 11.00
# Visual Studio 2010
Project("{FAE04EC0-301F-11D3-BF4B-00C04F79EFBC}") = "SWTOR.Parser", "SWTOR.Parser.csproj", "{00D4D026-DA8C-4CB7-A402-6ECA0039DC30}"
EndProject
Project("{FAE04EC0-301F-11D3-BF4B-00C04F79EFBC}") = "SWTOR.Parser.Tests", "SWTOR.Parser.Tests\SWTOR.Parser.Tests.csproj", "{204E1E03-BABB-4B2E-AC43-7B6D3C87E918}"
EndProject
Global
	GlobalSection(SolutionConfigurationPlatforms) = preSolution
		Debug|Any CPU = Debug|Any CPU
		Default|Any CPU = Default|Any CPU
		Release|Any CPU = Release|Any CPU
	EndGlobalSection
	GlobalSection(ProjectConfigurationPlatforms) = postSolution
		{00D4D026-DA8C-4CB7-A402-6ECA0039DC30}.Debug|Any CPU.ActiveCfg = Debug|Any CPU
		{00D4D026-DA8C-4CB7-A402-6ECA0039DC30}.Debug|Any CPU.Build.0 = Debug|Any CPU
		{00D4D026-DA8C-4CB7-A402-6ECA0039DC30}.Default|Any CPU.ActiveCfg = Debug|Any CPU
		{00D4D026-DA8C-4CB7-A402-6ECA0039DC30}.Release|Any CPU.ActiveCfg = Release|Any CPU
		{00D4D026-DA8C-4CB7-A402-6ECA0039DC30}.Release|Any CPU.Build.0 = Release|Any CPU
		{204E1E03-BABB-4B2E-AC43-7B6D3C87E918}.Debug|Any CPU.ActiveCfg = Debug|Any CPU
		{204E1E03-BABB-4B2E-AC43-7B6D3C87E918}.Debug|Any CPU.Build.0 = Debug|Any CPU
		{204E1E03-BABB-4B2E-AC43-7B6D3C87E918}.Default|Any CPU.ActiveCfg = Debug|Any CPU
		{204E1E03-BABB-4B2E-AC43-7B6D3C87E918}.Default|Any CPU.Build.0 = Debug|Any CPU
		{204E1E03-BABB-4B2E-AC43-7B6D3C87E918}.Release|Any CPU.ActiveCfg = Release|Any CPU
		{204E1E03-BABB-4B2E-AC43-7B6D3C87E918}.Release|Any CPU.Build.0 = Release|Any CPU
	EndGlobalSection
	GlobalSection(SolutionProperties) = preSolution
		HideSolutionNode = FALSE
	EndGlobalSection
	GlobalSection(MonoDevelopProperties) = preSolution
		StartupItem = SWTOR.Parser.csproj
	EndGlobalSection
EndGlobal
